# This file is automatically @generated by Cargo.
# It is not intended for manual editing.
version = 4

[[package]]
name = "kernel"
version = "0.1.0"
dependencies = [
 "os-alloc",
 "os-context",
 "os-fs",
 "os-sbi",
 "os-syscall",
 "os-vm",
]

[[package]]
name = "os-alloc"
version = "0.1.0"

[[package]]
name = "os-context"
version = "0.1.0"

[[package]]
name = "os-fs"
version = "0.1.0"

[[package]]
name = "os-sbi"
version = "0.1.0"

[[package]]
name = "os-syscall"
version = "0.1.0"

[[package]]
name = "os-vm"
version = "0.1.0"
dependencies = [
 "os-alloc",
]

[[package]]
name = "user"
version = "0.1.0"
dependencies = [
 "os-syscall",
]
